
Microsoft Visual Studio Solution File, Format Version 12.00
# Visual Studio Version 17
VisualStudioVersion = 17.0.32112.339
MinimumVisualStudioVersion = 10.0.40219.1
Project("{FAE04EC0-301F-11D3-BF4B-00C04F79EFBC}") = "LoginByIdentityCoreMVC", "LoginByIdentityCoreMVC\LoginByIdentityCoreMVC.csproj", "{3C1EB18E-3B8D-4707-8949-AAD64CAFAD84}"
EndProject
Global
	GlobalSection(SolutionConfigurationPlatforms) = preSolution
		Debug|Any CPU = Debug|Any CPU
		Release|Any CPU = Release|Any CPU
	EndGlobalSection
	GlobalSection(ProjectConfigurationPlatforms) = postSolution
		{3C1EB18E-3B8D-4707-8949-AAD64CAFAD84}.Debug|Any CPU.ActiveCfg = Debug|Any CPU
		{3C1EB18E-3B8D-4707-8949-AAD64CAFAD84}.Debug|Any CPU.Build.0 = Debug|Any CPU
		{3C1EB18E-3B8D-4707-8949-AAD64CAFAD84}.Release|Any CPU.ActiveCfg = Release|Any CPU
		{3C1EB18E-3B8D-4707-8949-AAD64CAFAD84}.Release|Any CPU.Build.0 = Release|Any CPU
	EndGlobalSection
	GlobalSection(SolutionProperties) = preSolution
		HideSolutionNode = FALSE
	EndGlobalSection
	GlobalSection(ExtensibilityGlobals) = postSolution
		SolutionGuid = {C78F9320-4438-4248-8CD5-49DB32E1D8BD}
	EndGlobalSection
EndGlobal
